// !$*UTF8*$!
{
	archiveVersion = 1;
	classes = {
	};
	objectVersion = 46;
	objects = {

/* Begin PBXBuildFile section */
		06E9F4B607F846E0A5301E68 /* CDVSound.m in Sources */ = {isa = PBXBuildFile; fileRef = 2357A516CBCD4BB68F88FCEA /* CDVSound.m */; };
		1D3623260D0F684500981E51 /* AppDelegate.m in Sources */ = {isa = PBXBuildFile; fileRef = 1D3623250D0F684500981E51 /* AppDelegate.m */; };
		1D60589B0D05DD56006BFB54 /* main.m in Sources */ = {isa = PBXBuildFile; fileRef = 29B97316FDCFA39411CA2CEA /* main.m */; };
		1F766FE113BBADB100FB74C0 /* Localizable.strings in Resources */ = {isa = PBXBuildFile; fileRef = 1F766FDC13BBADB100FB74C0 /* Localizable.strings */; };
		288765FD0DF74451002DB57D /* CoreGraphics.framework in Frameworks */ = {isa = PBXBuildFile; fileRef = 288765FC0DF74451002DB57D /* CoreGraphics.framework */; };
		301BF552109A68D80062928A /* libCordova.a in Frameworks */ = {isa = PBXBuildFile; fileRef = 301BF535109A57CC0062928A /* libCordova.a */; };
		302D95F114D2391D003F00A1 /* MainViewController.m in Sources */ = {isa = PBXBuildFile; fileRef = 302D95EF14D2391D003F00A1 /* MainViewController.m */; };
		302D95F214D2391D003F00A1 /* MainViewController.xib in Resources */ = {isa = PBXBuildFile; fileRef = 302D95F014D2391D003F00A1 /* MainViewController.xib */; };
		305D5FD1115AB8F900A74A75 /* MobileCoreServices.framework in Frameworks */ = {isa = PBXBuildFile; fileRef = 305D5FD0115AB8F900A74A75 /* MobileCoreServices.framework */; };
		30A0434814DC770100060A13 /* Localizable.strings in Resources */ = {isa = PBXBuildFile; fileRef = 30A0434314DC770100060A13 /* Localizable.strings */; };
		412C29D5CFF24378BEC7F36B /* CDVDevice.m in Sources */ = {isa = PBXBuildFile; fileRef = 43043A76660A46D6BB2ECDEE /* CDVDevice.m */; };
		5AEE5B35173C68D80009041E /* CoreLocation.framework in Frameworks */ = {isa = PBXBuildFile; fileRef = 5AEE5B34173C68D80009041E /* CoreLocation.framework */; };
		5B1594DD16A7569C00FEF299 /* AssetsLibrary.framework in Frameworks */ = {isa = PBXBuildFile; fileRef = 5B1594DC16A7569C00FEF299 /* AssetsLibrary.framework */; };
		6B7666C38C6243D3BDAA5952 /* CDVConnection.m in Sources */ = {isa = PBXBuildFile; fileRef = 95D71689A5C345CDA0119D30 /* CDVConnection.m */; };
		AD23E469185C8B0500B3598A /* Images.xcassets in Resources */ = {isa = PBXBuildFile; fileRef = AD23E468185C8B0500B3598A /* Images.xcassets */; };
		AD23E479185C8B5D00B3598A /* i2Pad80SpotlightIcon@2x.png in Resources */ = {isa = PBXBuildFile; fileRef = AD23E46A185C8B5D00B3598A /* i2Pad80SpotlightIcon@2x.png */; };
		AD23E47A185C8B5D00B3598A /* iPad29SettingsIcon.png in Resources */ = {isa = PBXBuildFile; fileRef = AD23E46B185C8B5D00B3598A /* iPad29SettingsIcon.png */; };
		AD23E47B185C8B5D00B3598A /* iPad40SpotlightIcon.png in Resources */ = {isa = PBXBuildFile; fileRef = AD23E46C185C8B5D00B3598A /* iPad40SpotlightIcon.png */; };
		AD23E47C185C8B5D00B3598A /* iPad50SpotlightIcon.png in Resources */ = {isa = PBXBuildFile; fileRef = AD23E46D185C8B5D00B3598A /* iPad50SpotlightIcon.png */; };
		AD23E47D185C8B5D00B3598A /* iPad58SettingsIcon@2x.png in Resources */ = {isa = PBXBuildFile; fileRef = AD23E46E185C8B5D00B3598A /* iPad58SettingsIcon@2x.png */; };
		AD23E47E185C8B5D00B3598A /* iPad72HomeIcon.png in Resources */ = {isa = PBXBuildFile; fileRef = AD23E46F185C8B5D00B3598A /* iPad72HomeIcon.png */; };
		AD23E47F185C8B5D00B3598A /* iPad76HomeIcon.png in Resources */ = {isa = PBXBuildFile; fileRef = AD23E470185C8B5D00B3598A /* iPad76HomeIcon.png */; };
		AD23E480185C8B5D00B3598A /* iPad100SpotlightIcon@2x.png in Resources */ = {isa = PBXBuildFile; fileRef = AD23E471185C8B5D00B3598A /* iPad100SpotlightIcon@2x.png */; };
		AD23E481185C8B5D00B3598A /* iPad144HomeIcon@2x.png in Resources */ = {isa = PBXBuildFile; fileRef = AD23E472185C8B5D00B3598A /* iPad144HomeIcon@2x.png */; };
		AD23E482185C8B5D00B3598A /* iPad152HomeIcon@2x.png in Resources */ = {isa = PBXBuildFile; fileRef = AD23E473185C8B5D00B3598A /* iPad152HomeIcon@2x.png */; };
		AD23E483185C8B5D00B3598A /* iPhone29SettingsIcon.png in Resources */ = {isa = PBXBuildFile; fileRef = AD23E474185C8B5D00B3598A /* iPhone29SettingsIcon.png */; };
		AD23E484185C8B5D00B3598A /* iPhone57HomeIcon.png in Resources */ = {isa = PBXBuildFile; fileRef = AD23E475185C8B5D00B3598A /* iPhone57HomeIcon.png */; };
		AD23E485185C8B5D00B3598A /* iPhone58SettingsIcon@2x.png in Resources */ = {isa = PBXBuildFile; fileRef = AD23E476185C8B5D00B3598A /* iPhone58SettingsIcon@2x.png */; };
		AD23E486185C8B5D00B3598A /* iPhone60HomeIcon.png in Resources */ = {isa = PBXBuildFile; fileRef = AD23E477185C8B5D00B3598A /* iPhone60HomeIcon.png */; };
		AD23E487185C8B5D00B3598A /* iPhone120HomeIcon@2x.png in Resources */ = {isa = PBXBuildFile; fileRef = AD23E478185C8B5D00B3598A /* iPhone120HomeIcon@2x.png */; };
		AD2F51AC185CAF4F00326B47 /* iPhone114HomeIcon@2x.png in Resources */ = {isa = PBXBuildFile; fileRef = AD2F51AB185CAF4F00326B47 /* iPhone114HomeIcon@2x.png */; };
		AD69F445185D0969003D3EF3 /* Security.framework in Frameworks */ = {isa = PBXBuildFile; fileRef = AD69F444185D0969003D3EF3 /* Security.framework */; };
		AD69F447185D0976003D3EF3 /* AdSupport.framework in Frameworks */ = {isa = PBXBuildFile; fileRef = AD69F446185D0976003D3EF3 /* AdSupport.framework */; };
		AD69F453185D0F49003D3EF3 /* libFlurry_4.3.0.a in Frameworks */ = {isa = PBXBuildFile; fileRef = AD69F452185D0F49003D3EF3 /* libFlurry_4.3.0.a */; };
		AD69F4681876E490003D3EF3 /* splash-screen-320x480.png in Resources */ = {isa = PBXBuildFile; fileRef = AD69F45D1876E490003D3EF3 /* splash-screen-320x480.png */; };
		AD69F4691876E490003D3EF3 /* splash-screen-640x960.png in Resources */ = {isa = PBXBuildFile; fileRef = AD69F45E1876E490003D3EF3 /* splash-screen-640x960.png */; };
		AD69F46A1876E490003D3EF3 /* splash-screen-640x1136.png in Resources */ = {isa = PBXBuildFile; fileRef = AD69F45F1876E490003D3EF3 /* splash-screen-640x1136.png */; };
		AD69F46B1876E490003D3EF3 /* splash-screen-768x1004.png in Resources */ = {isa = PBXBuildFile; fileRef = AD69F4601876E490003D3EF3 /* splash-screen-768x1004.png */; };
		AD69F46C1876E490003D3EF3 /* splash-screen-768x1024.png in Resources */ = {isa = PBXBuildFile; fileRef = AD69F4611876E490003D3EF3 /* splash-screen-768x1024.png */; };
		AD69F46E1876E490003D3EF3 /* splash-screen-1024x768.png in Resources */ = {isa = PBXBuildFile; fileRef = AD69F4631876E490003D3EF3 /* splash-screen-1024x768.png */; };
		AD69F46F1876E490003D3EF3 /* splash-screen-1536x2008.png in Resources */ = {isa = PBXBuildFile; fileRef = AD69F4641876E490003D3EF3 /* splash-screen-1536x2008.png */; };
		AD69F4701876E490003D3EF3 /* splash-screen-1536x2048.png in Resources */ = {isa = PBXBuildFile; fileRef = AD69F4651876E490003D3EF3 /* splash-screen-1536x2048.png */; };
		AD69F4711876E490003D3EF3 /* splash-screen-2048x1496.png in Resources */ = {isa = PBXBuildFile; fileRef = AD69F4661876E490003D3EF3 /* splash-screen-2048x1496.png */; };
		AD69F4721876E490003D3EF3 /* splash-screen-2048x1536.png in Resources */ = {isa = PBXBuildFile; fileRef = AD69F4671876E490003D3EF3 /* splash-screen-2048x1536.png */; };
		AD69F4741876E65E003D3EF3 /* splash-screen-1024x748.png in Resources */ = {isa = PBXBuildFile; fileRef = AD69F4731876E65E003D3EF3 /* splash-screen-1024x748.png */; };
		B21CB3F5B2D74B999D83EF45 /* SystemConfiguration.framework in Frameworks */ = {isa = PBXBuildFile; fileRef = C40C8882E0F245F4ADCE44DE /* SystemConfiguration.framework */; settings = {ATTRIBUTES = (Weak, ); }; };
		E3818CB38C4E42B69F59F0E5 /* CDVReachability.m in Sources */ = {isa = PBXBuildFile; fileRef = 1F5B88D280E84AED95911FFB /* CDVReachability.m */; };
		F840E1F1165FE0F500CFE078 /* config.xml in Resources */ = {isa = PBXBuildFile; fileRef = F840E1F0165FE0F500CFE078 /* config.xml */; };
/* End PBXBuildFile section */

/* Begin PBXContainerItemProxy section */
		301BF534109A57CC0062928A /* PBXContainerItemProxy */ = {
			isa = PBXContainerItemProxy;
			containerPortal = 301BF52D109A57CC0062928A /* CordovaLib.xcodeproj */;
			proxyType = 2;
			remoteGlobalIDString = D2AAC07E0554694100DB518D;
			remoteInfo = CordovaLib;
		};
		301BF550109A68C00062928A /* PBXContainerItemProxy */ = {
			isa = PBXContainerItemProxy;
			containerPortal = 301BF52D109A57CC0062928A /* CordovaLib.xcodeproj */;
			proxyType = 1;
			remoteGlobalIDString = D2AAC07D0554694100DB518D;
			remoteInfo = CordovaLib;
		};
/* End PBXContainerItemProxy section */

/* Begin PBXFileReference section */
		1D3623240D0F684500981E51 /* AppDelegate.h */ = {isa = PBXFileReference; fileEncoding = 4; lastKnownFileType = sourcecode.c.h; path = AppDelegate.h; sourceTree = "<group>"; };
		1D3623250D0F684500981E51 /* AppDelegate.m */ = {isa = PBXFileReference; fileEncoding = 4; lastKnownFileType = sourcecode.c.objc; path = AppDelegate.m; sourceTree = "<group>"; };
		1D6058910D05DD3D006BFB54 /* KidMath.app */ = {isa = PBXFileReference; explicitFileType = wrapper.application; includeInIndex = 0; path = KidMath.app; sourceTree = BUILT_PRODUCTS_DIR; };
		1F5B88D280E84AED95911FFB /* CDVReachability.m */ = {isa = PBXFileReference; fileEncoding = 4; lastKnownFileType = sourcecode.c.objc; name = CDVReachability.m; path = "org.apache.cordova.network-information/CDVReachability.m"; sourceTree = "<group>"; };
		1F766FDD13BBADB100FB74C0 /* en */ = {isa = PBXFileReference; lastKnownFileType = text.plist.strings; name = en; path = Localizable.strings; sourceTree = "<group>"; };
		1F766FE013BBADB100FB74C0 /* es */ = {isa = PBXFileReference; lastKnownFileType = text.plist.strings; name = es; path = Localizable.strings; sourceTree = "<group>"; };
		2357A516CBCD4BB68F88FCEA /* CDVSound.m */ = {isa = PBXFileReference; fileEncoding = 4; lastKnownFileType = sourcecode.c.objc; name = CDVSound.m; path = org.apache.cordova.media/CDVSound.m; sourceTree = "<group>"; };
		288765FC0DF74451002DB57D /* CoreGraphics.framework */ = {isa = PBXFileReference; lastKnownFileType = wrapper.framework; name = CoreGraphics.framework; path = System/Library/Frameworks/CoreGraphics.framework; sourceTree = SDKROOT; };
		29B97316FDCFA39411CA2CEA /* main.m */ = {isa = PBXFileReference; fileEncoding = 4; lastKnownFileType = sourcecode.c.objc; path = main.m; sourceTree = "<group>"; };
		301BF52D109A57CC0062928A /* CordovaLib.xcodeproj */ = {isa = PBXFileReference; lastKnownFileType = "wrapper.pb-project"; name = CordovaLib.xcodeproj; path = CordovaLib/CordovaLib.xcodeproj; sourceTree = "<group>"; };
		301BF56E109A69640062928A /* www */ = {isa = PBXFileReference; lastKnownFileType = folder; path = www; sourceTree = SOURCE_ROOT; };
		302D95EE14D2391D003F00A1 /* MainViewController.h */ = {isa = PBXFileReference; fileEncoding = 4; lastKnownFileType = sourcecode.c.h; path = MainViewController.h; sourceTree = "<group>"; };
		302D95EF14D2391D003F00A1 /* MainViewController.m */ = {isa = PBXFileReference; fileEncoding = 4; lastKnownFileType = sourcecode.c.objc; path = MainViewController.m; sourceTree = "<group>"; };
		302D95F014D2391D003F00A1 /* MainViewController.xib */ = {isa = PBXFileReference; fileEncoding = 4; lastKnownFileType = file.xib; path = MainViewController.xib; sourceTree = "<group>"; };
		305D5FD0115AB8F900A74A75 /* MobileCoreServices.framework */ = {isa = PBXFileReference; lastKnownFileType = wrapper.framework; name = MobileCoreServices.framework; path = System/Library/Frameworks/MobileCoreServices.framework; sourceTree = SDKROOT; };
		30A0434414DC770100060A13 /* de */ = {isa = PBXFileReference; lastKnownFileType = text.plist.strings; name = de; path = Localizable.strings; sourceTree = "<group>"; };
		30A0434714DC770100060A13 /* se */ = {isa = PBXFileReference; lastKnownFileType = text.plist.strings; name = se; path = Localizable.strings; sourceTree = "<group>"; };
		32CA4F630368D1EE00C91783 /* KidMath-Prefix.pch */ = {isa = PBXFileReference; fileEncoding = 4; lastKnownFileType = sourcecode.c.h; path = "KidMath-Prefix.pch"; sourceTree = "<group>"; };
		34E265F6299348CEB0D6C170 /* CDVReachability.h */ = {isa = PBXFileReference; fileEncoding = 4; lastKnownFileType = sourcecode.c.h; name = CDVReachability.h; path = "org.apache.cordova.network-information/CDVReachability.h"; sourceTree = "<group>"; };
		43043A76660A46D6BB2ECDEE /* CDVDevice.m */ = {isa = PBXFileReference; fileEncoding = 4; lastKnownFileType = sourcecode.c.objc; name = CDVDevice.m; path = org.apache.cordova.device/CDVDevice.m; sourceTree = "<group>"; };
		5545CC841A174F61BEE8EA27 /* CDVSound.h */ = {isa = PBXFileReference; fileEncoding = 4; lastKnownFileType = sourcecode.c.h; name = CDVSound.h; path = org.apache.cordova.media/CDVSound.h; sourceTree = "<group>"; };
		5AEE5B34173C68D80009041E /* CoreLocation.framework */ = {isa = PBXFileReference; lastKnownFileType = wrapper.framework; name = CoreLocation.framework; path = System/Library/Frameworks/CoreLocation.framework; sourceTree = SDKROOT; };
		5B1594DC16A7569C00FEF299 /* AssetsLibrary.framework */ = {isa = PBXFileReference; lastKnownFileType = wrapper.framework; name = AssetsLibrary.framework; path = System/Library/Frameworks/AssetsLibrary.framework; sourceTree = SDKROOT; };
		8D1107310486CEB800E47090 /* KidMath-Info.plist */ = {isa = PBXFileReference; fileEncoding = 4; lastKnownFileType = text.plist.xml; name = "KidMath-Info.plist"; path = "../KidMath-Info.plist"; plistStructureDefinitionIdentifier = "com.apple.xcode.plist.structure-definition.iphone.info-plist"; sourceTree = "<group>"; };
		95D71689A5C345CDA0119D30 /* CDVConnection.m */ = {isa = PBXFileReference; fileEncoding = 4; lastKnownFileType = sourcecode.c.objc; name = CDVConnection.m; path = "org.apache.cordova.network-information/CDVConnection.m"; sourceTree = "<group>"; };
		AD23E468185C8B0500B3598A /* Images.xcassets */ = {isa = PBXFileReference; lastKnownFileType = folder.assetcatalog; name = Images.xcassets; path = KidMath/Images.xcassets; sourceTree = SOURCE_ROOT; };
		AD23E46A185C8B5D00B3598A /* i2Pad80SpotlightIcon@2x.png */ = {isa = PBXFileReference; lastKnownFileType = image.png; name = "i2Pad80SpotlightIcon@2x.png"; path = "../../../../../../../resources/appicons/ios/i2Pad80SpotlightIcon@2x.png"; sourceTree = "<group>"; };
		AD23E46B185C8B5D00B3598A /* iPad29SettingsIcon.png */ = {isa = PBXFileReference; lastKnownFileType = image.png; name = iPad29SettingsIcon.png; path = ../../../../../../../resources/appicons/ios/iPad29SettingsIcon.png; sourceTree = "<group>"; };
		AD23E46C185C8B5D00B3598A /* iPad40SpotlightIcon.png */ = {isa = PBXFileReference; lastKnownFileType = image.png; name = iPad40SpotlightIcon.png; path = ../../../../../../../resources/appicons/ios/iPad40SpotlightIcon.png; sourceTree = "<group>"; };
		AD23E46D185C8B5D00B3598A /* iPad50SpotlightIcon.png */ = {isa = PBXFileReference; lastKnownFileType = image.png; name = iPad50SpotlightIcon.png; path = ../../../../../../../resources/appicons/ios/iPad50SpotlightIcon.png; sourceTree = "<group>"; };
		AD23E46E185C8B5D00B3598A /* iPad58SettingsIcon@2x.png */ = {isa = PBXFileReference; lastKnownFileType = image.png; name = "iPad58SettingsIcon@2x.png"; path = "../../../../../../../resources/appicons/ios/iPad58SettingsIcon@2x.png"; sourceTree = "<group>"; };
		AD23E46F185C8B5D00B3598A /* iPad72HomeIcon.png */ = {isa = PBXFileReference; lastKnownFileType = image.png; name = iPad72HomeIcon.png; path = ../../../../../../../resources/appicons/ios/iPad72HomeIcon.png; sourceTree = "<group>"; };
		AD23E470185C8B5D00B3598A /* iPad76HomeIcon.png */ = {isa = PBXFileReference; lastKnownFileType = image.png; name = iPad76HomeIcon.png; path = ../../../../../../../resources/appicons/ios/iPad76HomeIcon.png; sourceTree = "<group>"; };
		AD23E471185C8B5D00B3598A /* iPad100SpotlightIcon@2x.png */ = {isa = PBXFileReference; lastKnownFileType = image.png; name = "iPad100SpotlightIcon@2x.png"; path = "../../../../../../../resources/appicons/ios/iPad100SpotlightIcon@2x.png"; sourceTree = "<group>"; };
		AD23E472185C8B5D00B3598A /* iPad144HomeIcon@2x.png */ = {isa = PBXFileReference; lastKnownFileType = image.png; name = "iPad144HomeIcon@2x.png"; path = "../../../../../../../resources/appicons/ios/iPad144HomeIcon@2x.png"; sourceTree = "<group>"; };
		AD23E473185C8B5D00B3598A /* iPad152HomeIcon@2x.png */ = {isa = PBXFileReference; lastKnownFileType = image.png; name = "iPad152HomeIcon@2x.png"; path = "../../../../../../../resources/appicons/ios/iPad152HomeIcon@2x.png"; sourceTree = "<group>"; };
		AD23E474185C8B5D00B3598A /* iPhone29SettingsIcon.png */ = {isa = PBXFileReference; lastKnownFileType = image.png; name = iPhone29SettingsIcon.png; path = ../../../../../../../resources/appicons/ios/iPhone29SettingsIcon.png; sourceTree = "<group>"; };
		AD23E475185C8B5D00B3598A /* iPhone57HomeIcon.png */ = {isa = PBXFileReference; lastKnownFileType = image.png; name = iPhone57HomeIcon.png; path = ../../../../../../../resources/appicons/ios/iPhone57HomeIcon.png; sourceTree = "<group>"; };
		AD23E476185C8B5D00B3598A /* iPhone58SettingsIcon@2x.png */ = {isa = PBXFileReference; lastKnownFileType = image.png; name = "iPhone58SettingsIcon@2x.png"; path = "../../../../../../../resources/appicons/ios/iPhone58SettingsIcon@2x.png"; sourceTree = "<group>"; };
		AD23E477185C8B5D00B3598A /* iPhone60HomeIcon.png */ = {isa = PBXFileReference; lastKnownFileType = image.png; name = iPhone60HomeIcon.png; path = ../../../../../../../resources/appicons/ios/iPhone60HomeIcon.png; sourceTree = "<group>"; };
		AD23E478185C8B5D00B3598A /* iPhone120HomeIcon@2x.png */ = {isa = PBXFileReference; lastKnownFileType = image.png; name = "iPhone120HomeIcon@2x.png"; path = "../../../../../../../resources/appicons/ios/iPhone120HomeIcon@2x.png"; sourceTree = "<group>"; };
		AD2F51AB185CAF4F00326B47 /* iPhone114HomeIcon@2x.png */ = {isa = PBXFileReference; lastKnownFileType = image.png; name = "iPhone114HomeIcon@2x.png"; path = "../../../../../../../resources/appicons/ios/iPhone114HomeIcon@2x.png"; sourceTree = "<group>"; };
		AD69F444185D0969003D3EF3 /* Security.framework */ = {isa = PBXFileReference; lastKnownFileType = wrapper.framework; name = Security.framework; path = System/Library/Frameworks/Security.framework; sourceTree = SDKROOT; };
		AD69F446185D0976003D3EF3 /* AdSupport.framework */ = {isa = PBXFileReference; lastKnownFileType = wrapper.framework; name = AdSupport.framework; path = System/Library/Frameworks/AdSupport.framework; sourceTree = SDKROOT; };
		AD69F448185D0A44003D3EF3 /* libFlurry_4.3.0.a */ = {isa = PBXFileReference; lastKnownFileType = archive.ar; name = libFlurry_4.3.0.a; path = KidMath/Flurry/libFlurry_4.3.0.a; sourceTree = "<group>"; };
		AD69F451185D0F49003D3EF3 /* Flurry.h */ = {isa = PBXFileReference; fileEncoding = 4; lastKnownFileType = sourcecode.c.h; path = Flurry.h; sourceTree = "<group>"; };
		AD69F452185D0F49003D3EF3 /* libFlurry_4.3.0.a */ = {isa = PBXFileReference; lastKnownFileType = archive.ar; path = libFlurry_4.3.0.a; sourceTree = "<group>"; };
		AD69F45D1876E490003D3EF3 /* splash-screen-320x480.png */ = {isa = PBXFileReference; lastKnownFileType = image.png; name = "splash-screen-320x480.png"; path = "../icons/splash-screen-320x480.png"; sourceTree = "<group>"; };
		AD69F45E1876E490003D3EF3 /* splash-screen-640x960.png */ = {isa = PBXFileReference; lastKnownFileType = image.png; name = "splash-screen-640x960.png"; path = "../icons/splash-screen-640x960.png"; sourceTree = "<group>"; };
		AD69F45F1876E490003D3EF3 /* splash-screen-640x1136.png */ = {isa = PBXFileReference; lastKnownFileType = image.png; name = "splash-screen-640x1136.png"; path = "../icons/splash-screen-640x1136.png"; sourceTree = "<group>"; };
		AD69F4601876E490003D3EF3 /* splash-screen-768x1004.png */ = {isa = PBXFileReference; lastKnownFileType = image.png; name = "splash-screen-768x1004.png"; path = "../icons/splash-screen-768x1004.png"; sourceTree = "<group>"; };
		AD69F4611876E490003D3EF3 /* splash-screen-768x1024.png */ = {isa = PBXFileReference; lastKnownFileType = image.png; name = "splash-screen-768x1024.png"; path = "../icons/splash-screen-768x1024.png"; sourceTree = "<group>"; };
		AD69F4631876E490003D3EF3 /* splash-screen-1024x768.png */ = {isa = PBXFileReference; lastKnownFileType = image.png; name = "splash-screen-1024x768.png"; path = "../icons/splash-screen-1024x768.png"; sourceTree = "<group>"; };
		AD69F4641876E490003D3EF3 /* splash-screen-1536x2008.png */ = {isa = PBXFileReference; lastKnownFileType = image.png; name = "splash-screen-1536x2008.png"; path = "../icons/splash-screen-1536x2008.png"; sourceTree = "<group>"; };
		AD69F4651876E490003D3EF3 /* splash-screen-1536x2048.png */ = {isa = PBXFileReference; lastKnownFileType = image.png; name = "splash-screen-1536x2048.png"; path = "../icons/splash-screen-1536x2048.png"; sourceTree = "<group>"; };
		AD69F4661876E490003D3EF3 /* splash-screen-2048x1496.png */ = {isa = PBXFileReference; lastKnownFileType = image.png; name = "splash-screen-2048x1496.png"; path = "../icons/splash-screen-2048x1496.png"; sourceTree = "<group>"; };
		AD69F4671876E490003D3EF3 /* splash-screen-2048x1536.png */ = {isa = PBXFileReference; lastKnownFileType = image.png; name = "splash-screen-2048x1536.png"; path = "../icons/splash-screen-2048x1536.png"; sourceTree = "<group>"; };
		AD69F4731876E65E003D3EF3 /* splash-screen-1024x748.png */ = {isa = PBXFileReference; lastKnownFileType = image.png; path = "splash-screen-1024x748.png"; sourceTree = "<group>"; };
		B05AE13986364D0EBE4EBC48 /* CDVDevice.h */ = {isa = PBXFileReference; fileEncoding = 4; lastKnownFileType = sourcecode.c.h; name = CDVDevice.h; path = org.apache.cordova.device/CDVDevice.h; sourceTree = "<group>"; };
		B7608BBBCDEB4FF2A1E18171 /* CDVConnection.h */ = {isa = PBXFileReference; fileEncoding = 4; lastKnownFileType = sourcecode.c.h; name = CDVConnection.h; path = "org.apache.cordova.network-information/CDVConnection.h"; sourceTree = "<group>"; };
		C40C8882E0F245F4ADCE44DE /* SystemConfiguration.framework */ = {isa = PBXFileReference; fileEncoding = 4; lastKnownFileType = wrapper.framework; name = SystemConfiguration.framework; path = System/Library/Frameworks/SystemConfiguration.framework; sourceTree = SDKROOT; };
		F840E1F0165FE0F500CFE078 /* config.xml */ = {isa = PBXFileReference; lastKnownFileType = text.xml; name = config.xml; path = KidMath/config.xml; sourceTree = "<group>"; };
/* End PBXFileReference section */

/* Begin PBXFrameworksBuildPhase section */
		1D60588F0D05DD3D006BFB54 /* Frameworks */ = {
			isa = PBXFrameworksBuildPhase;
			buildActionMask = 2147483647;
			files = (
				AD69F447185D0976003D3EF3 /* AdSupport.framework in Frameworks */,
				AD69F445185D0969003D3EF3 /* Security.framework in Frameworks */,
				AD69F453185D0F49003D3EF3 /* libFlurry_4.3.0.a in Frameworks */,
				5B1594DD16A7569C00FEF299 /* AssetsLibrary.framework in Frameworks */,
				301BF552109A68D80062928A /* libCordova.a in Frameworks */,
				288765FD0DF74451002DB57D /* CoreGraphics.framework in Frameworks */,
				305D5FD1115AB8F900A74A75 /* MobileCoreServices.framework in Frameworks */,
				5AEE5B35173C68D80009041E /* CoreLocation.framework in Frameworks */,
				B21CB3F5B2D74B999D83EF45 /* SystemConfiguration.framework in Frameworks */,
			);
			runOnlyForDeploymentPostprocessing = 0;
		};
/* End PBXFrameworksBuildPhase section */

/* Begin PBXGroup section */
		080E96DDFE201D6D7F000001 /* Classes */ = {
			isa = PBXGroup;
			children = (
				302D95EE14D2391D003F00A1 /* MainViewController.h */,
				302D95EF14D2391D003F00A1 /* MainViewController.m */,
				302D95F014D2391D003F00A1 /* MainViewController.xib */,
				1D3623240D0F684500981E51 /* AppDelegate.h */,
				1D3623250D0F684500981E51 /* AppDelegate.m */,
			);
			name = Classes;
			path = KidMath/Classes;
			sourceTree = SOURCE_ROOT;
		};
		19C28FACFE9D520D11CA2CBB /* Products */ = {
			isa = PBXGroup;
			children = (
				1D6058910D05DD3D006BFB54 /* KidMath.app */,
			);
			name = Products;
			sourceTree = "<group>";
		};
		1F766FDB13BBADB100FB74C0 /* en.lproj */ = {
			isa = PBXGroup;
			children = (
				1F766FDC13BBADB100FB74C0 /* Localizable.strings */,
			);
			path = en.lproj;
			sourceTree = "<group>";
		};
		1F766FDE13BBADB100FB74C0 /* es.lproj */ = {
			isa = PBXGroup;
			children = (
				1F766FDF13BBADB100FB74C0 /* Localizable.strings */,
			);
			path = es.lproj;
			sourceTree = "<group>";
		};
		29B97314FDCFA39411CA2CEA /* CustomTemplate */ = {
			isa = PBXGroup;
			children = (
				AD69F450185D0F49003D3EF3 /* Flurry */,
				F840E1F0165FE0F500CFE078 /* config.xml */,
				301BF56E109A69640062928A /* www */,
				301BF52D109A57CC0062928A /* CordovaLib.xcodeproj */,
				080E96DDFE201D6D7F000001 /* Classes */,
				307C750510C5A3420062BCA9 /* Plugins */,
				29B97315FDCFA39411CA2CEA /* Other Sources */,
				29B97317FDCFA39411CA2CEA /* Resources */,
				29B97323FDCFA39411CA2CEA /* Frameworks */,
				19C28FACFE9D520D11CA2CBB /* Products */,
			);
			name = CustomTemplate;
			sourceTree = "<group>";
		};
		29B97315FDCFA39411CA2CEA /* Other Sources */ = {
			isa = PBXGroup;
			children = (
				32CA4F630368D1EE00C91783 /* KidMath-Prefix.pch */,
				29B97316FDCFA39411CA2CEA /* main.m */,
			);
			name = "Other Sources";
			path = KidMath;
			sourceTree = "<group>";
		};
		29B97317FDCFA39411CA2CEA /* Resources */ = {
			isa = PBXGroup;
			children = (
				AD23E468185C8B0500B3598A /* Images.xcassets */,
				30A0434214DC770100060A13 /* de.lproj */,
				30A0434514DC770100060A13 /* se.lproj */,
				1F766FDB13BBADB100FB74C0 /* en.lproj */,
				1F766FDE13BBADB100FB74C0 /* es.lproj */,
				308D052D1370CCF300D202BF /* icons */,
				308D05311370CCF300D202BF /* splash */,
				8D1107310486CEB800E47090 /* KidMath-Info.plist */,
			);
			name = Resources;
			path = KidMath/Resources;
			sourceTree = "<group>";
		};
		29B97323FDCFA39411CA2CEA /* Frameworks */ = {
			isa = PBXGroup;
			children = (
				AD69F448185D0A44003D3EF3 /* libFlurry_4.3.0.a */,
				AD69F446185D0976003D3EF3 /* AdSupport.framework */,
				AD69F444185D0969003D3EF3 /* Security.framework */,
				5AEE5B34173C68D80009041E /* CoreLocation.framework */,
				5B1594DC16A7569C00FEF299 /* AssetsLibrary.framework */,
				288765FC0DF74451002DB57D /* CoreGraphics.framework */,
				305D5FD0115AB8F900A74A75 /* MobileCoreServices.framework */,
				C40C8882E0F245F4ADCE44DE /* SystemConfiguration.framework */,
			);
			name = Frameworks;
			sourceTree = "<group>";
		};
		301BF52E109A57CC0062928A /* Products */ = {
			isa = PBXGroup;
			children = (
				301BF535109A57CC0062928A /* libCordova.a */,
			);
			name = Products;
			sourceTree = "<group>";
		};
		307C750510C5A3420062BCA9 /* Plugins */ = {
			isa = PBXGroup;
			children = (
				2357A516CBCD4BB68F88FCEA /* CDVSound.m */,
				5545CC841A174F61BEE8EA27 /* CDVSound.h */,
				43043A76660A46D6BB2ECDEE /* CDVDevice.m */,
				B05AE13986364D0EBE4EBC48 /* CDVDevice.h */,
				95D71689A5C345CDA0119D30 /* CDVConnection.m */,
				1F5B88D280E84AED95911FFB /* CDVReachability.m */,
				B7608BBBCDEB4FF2A1E18171 /* CDVConnection.h */,
				34E265F6299348CEB0D6C170 /* CDVReachability.h */,
			);
			name = Plugins;
			path = KidMath/Plugins;
			sourceTree = SOURCE_ROOT;
		};
		308D052D1370CCF300D202BF /* icons */ = {
			isa = PBXGroup;
			children = (
				AD2F51AB185CAF4F00326B47 /* iPhone114HomeIcon@2x.png */,
				AD23E46A185C8B5D00B3598A /* i2Pad80SpotlightIcon@2x.png */,
				AD23E46B185C8B5D00B3598A /* iPad29SettingsIcon.png */,
				AD23E46C185C8B5D00B3598A /* iPad40SpotlightIcon.png */,
				AD23E46D185C8B5D00B3598A /* iPad50SpotlightIcon.png */,
				AD23E46E185C8B5D00B3598A /* iPad58SettingsIcon@2x.png */,
				AD23E46F185C8B5D00B3598A /* iPad72HomeIcon.png */,
				AD23E470185C8B5D00B3598A /* iPad76HomeIcon.png */,
				AD23E471185C8B5D00B3598A /* iPad100SpotlightIcon@2x.png */,
				AD23E472185C8B5D00B3598A /* iPad144HomeIcon@2x.png */,
				AD23E473185C8B5D00B3598A /* iPad152HomeIcon@2x.png */,
				AD23E474185C8B5D00B3598A /* iPhone29SettingsIcon.png */,
				AD23E475185C8B5D00B3598A /* iPhone57HomeIcon.png */,
				AD23E476185C8B5D00B3598A /* iPhone58SettingsIcon@2x.png */,
				AD23E477185C8B5D00B3598A /* iPhone60HomeIcon.png */,
				AD23E478185C8B5D00B3598A /* iPhone120HomeIcon@2x.png */,
			);
			path = icons;
			sourceTree = "<group>";
		};
		308D05311370CCF300D202BF /* splash */ = {
			isa = PBXGroup;
			children = (
				AD69F4731876E65E003D3EF3 /* splash-screen-1024x748.png */,
				AD69F45D1876E490003D3EF3 /* splash-screen-320x480.png */,
				AD69F45E1876E490003D3EF3 /* splash-screen-640x960.png */,
				AD69F45F1876E490003D3EF3 /* splash-screen-640x1136.png */,
				AD69F4601876E490003D3EF3 /* splash-screen-768x1004.png */,
				AD69F4611876E490003D3EF3 /* splash-screen-768x1024.png */,
				AD69F4631876E490003D3EF3 /* splash-screen-1024x768.png */,
				AD69F4641876E490003D3EF3 /* splash-screen-1536x2008.png */,
				AD69F4651876E490003D3EF3 /* splash-screen-1536x2048.png */,
				AD69F4661876E490003D3EF3 /* splash-screen-2048x1496.png */,
				AD69F4671876E490003D3EF3 /* splash-screen-2048x1536.png */,
			);
			path = splash;
			sourceTree = "<group>";
		};
		30A0434214DC770100060A13 /* de.lproj */ = {
			isa = PBXGroup;
			children = (
				30A0434314DC770100060A13 /* Localizable.strings */,
			);
			path = de.lproj;
			sourceTree = "<group>";
		};
		30A0434514DC770100060A13 /* se.lproj */ = {
			isa = PBXGroup;
			children = (
				30A0434614DC770100060A13 /* Localizable.strings */,
			);
			path = se.lproj;
			sourceTree = "<group>";
		};
		AD69F450185D0F49003D3EF3 /* Flurry */ = {
			isa = PBXGroup;
			children = (
				AD69F451185D0F49003D3EF3 /* Flurry.h */,
				AD69F452185D0F49003D3EF3 /* libFlurry_4.3.0.a */,
			);
			name = Flurry;
			path = KidMath/Flurry;
			sourceTree = "<group>";
		};
/* End PBXGroup section */

/* Begin PBXNativeTarget section */
		1D6058900D05DD3D006BFB54 /* KidMath */ = {
			isa = PBXNativeTarget;
			buildConfigurationList = 1D6058960D05DD3E006BFB54 /* Build configuration list for PBXNativeTarget "KidMath" */;
			buildPhases = (
				304B58A110DAC018002A0835 /* Copy www directory */,
				1D60588D0D05DD3D006BFB54 /* Resources */,
				1D60588E0D05DD3D006BFB54 /* Sources */,
				1D60588F0D05DD3D006BFB54 /* Frameworks */,
			);
			buildRules = (
			);
			dependencies = (
				301BF551109A68C00062928A /* PBXTargetDependency */,
			);
			name = KidMath;
			productName = KidMath;
			productReference = 1D6058910D05DD3D006BFB54 /* KidMath.app */;
			productType = "com.apple.product-type.application";
		};
/* End PBXNativeTarget section */

/* Begin PBXProject section */
		29B97313FDCFA39411CA2CEA /* Project object */ = {
			isa = PBXProject;
			attributes = {
				LastUpgradeCheck = 500;
				TargetAttributes = {
					1D6058900D05DD3D006BFB54 = {
						DevelopmentTeam = UB283X48VQ;
					};
				};
			};
			buildConfigurationList = C01FCF4E08A954540054247B /* Build configuration list for PBXProject "KidMath" */;
			compatibilityVersion = "Xcode 3.2";
			developmentRegion = English;
			hasScannedForEncodings = 1;
			knownRegions = (
				English,
				Japanese,
				French,
				German,
				en,
				es,
				de,
				se,
			);
			mainGroup = 29B97314FDCFA39411CA2CEA /* CustomTemplate */;
			projectDirPath = "";
			projectReferences = (
				{
					ProductGroup = 301BF52E109A57CC0062928A /* Products */;
					ProjectRef = 301BF52D109A57CC0062928A /* CordovaLib.xcodeproj */;
				},
			);
			projectRoot = "";
			targets = (
				1D6058900D05DD3D006BFB54 /* KidMath */,
			);
		};
/* End PBXProject section */

/* Begin PBXReferenceProxy section */
		301BF535109A57CC0062928A /* libCordova.a */ = {
			isa = PBXReferenceProxy;
			fileType = archive.ar;
			path = libCordova.a;
			remoteRef = 301BF534109A57CC0062928A /* PBXContainerItemProxy */;
			sourceTree = BUILT_PRODUCTS_DIR;
		};
/* End PBXReferenceProxy section */

/* Begin PBXResourcesBuildPhase section */
		1D60588D0D05DD3D006BFB54 /* Resources */ = {
			isa = PBXResourcesBuildPhase;
			buildActionMask = 2147483647;
			files = (
				AD69F4681876E490003D3EF3 /* splash-screen-320x480.png in Resources */,
				AD23E47F185C8B5D00B3598A /* iPad76HomeIcon.png in Resources */,
				AD23E479185C8B5D00B3598A /* i2Pad80SpotlightIcon@2x.png in Resources */,
				F840E1F1165FE0F500CFE078 /* config.xml in Resources */,
				AD23E481185C8B5D00B3598A /* iPad144HomeIcon@2x.png in Resources */,
				AD23E47A185C8B5D00B3598A /* iPad29SettingsIcon.png in Resources */,
				AD69F46F1876E490003D3EF3 /* splash-screen-1536x2008.png in Resources */,
				AD69F4741876E65E003D3EF3 /* splash-screen-1024x748.png in Resources */,
				AD23E469185C8B0500B3598A /* Images.xcassets in Resources */,
				AD69F4721876E490003D3EF3 /* splash-screen-2048x1536.png in Resources */,
				AD69F4701876E490003D3EF3 /* splash-screen-1536x2048.png in Resources */,
				AD69F46A1876E490003D3EF3 /* splash-screen-640x1136.png in Resources */,
				AD23E47E185C8B5D00B3598A /* iPad72HomeIcon.png in Resources */,
				AD23E480185C8B5D00B3598A /* iPad100SpotlightIcon@2x.png in Resources */,
				AD23E47C185C8B5D00B3598A /* iPad50SpotlightIcon.png in Resources */,
				1F766FE113BBADB100FB74C0 /* Localizable.strings in Resources */,
				302D95F214D2391D003F00A1 /* MainViewController.xib in Resources */,
				30A0434814DC770100060A13 /* Localizable.strings in Resources */,
				AD23E487185C8B5D00B3598A /* iPhone120HomeIcon@2x.png in Resources */,
				AD23E47D185C8B5D00B3598A /* iPad58SettingsIcon@2x.png in Resources */,
				AD23E484185C8B5D00B3598A /* iPhone57HomeIcon.png in Resources */,
				AD23E485185C8B5D00B3598A /* iPhone58SettingsIcon@2x.png in Resources */,
				AD69F46E1876E490003D3EF3 /* splash-screen-1024x768.png in Resources */,
				AD69F4711876E490003D3EF3 /* splash-screen-2048x1496.png in Resources */,
				AD23E482185C8B5D00B3598A /* iPad152HomeIcon@2x.png in Resources */,
				AD2F51AC185CAF4F00326B47 /* iPhone114HomeIcon@2x.png in Resources */,
				AD23E486185C8B5D00B3598A /* iPhone60HomeIcon.png in Resources */,
				AD23E483185C8B5D00B3598A /* iPhone29SettingsIcon.png in Resources */,
				AD69F46C1876E490003D3EF3 /* splash-screen-768x1024.png in Resources */,
				AD69F4691876E490003D3EF3 /* splash-screen-640x960.png in Resources */,
				AD69F46B1876E490003D3EF3 /* splash-screen-768x1004.png in Resources */,
				AD23E47B185C8B5D00B3598A /* iPad40SpotlightIcon.png in Resources */,
			);
			runOnlyForDeploymentPostprocessing = 0;
		};
/* End PBXResourcesBuildPhase section */

/* Begin PBXShellScriptBuildPhase section */
		304B58A110DAC018002A0835 /* Copy www directory */ = {
			isa = PBXShellScriptBuildPhase;
			buildActionMask = 2147483647;
			files = (
			);
			inputPaths = (
			);
			name = "Copy www directory";
			outputPaths = (
			);
			runOnlyForDeploymentPostprocessing = 0;
			shellPath = /bin/sh;
			shellScript = "cordova/lib/copy-www-build-step.sh";
		};
/* End PBXShellScriptBuildPhase section */

/* Begin PBXSourcesBuildPhase section */
		1D60588E0D05DD3D006BFB54 /* Sources */ = {
			isa = PBXSourcesBuildPhase;
			buildActionMask = 2147483647;
			files = (
				1D60589B0D05DD56006BFB54 /* main.m in Sources */,
				1D3623260D0F684500981E51 /* AppDelegate.m in Sources */,
				302D95F114D2391D003F00A1 /* MainViewController.m in Sources */,
				06E9F4B607F846E0A5301E68 /* CDVSound.m in Sources */,
				412C29D5CFF24378BEC7F36B /* CDVDevice.m in Sources */,
				6B7666C38C6243D3BDAA5952 /* CDVConnection.m in Sources */,
				E3818CB38C4E42B69F59F0E5 /* CDVReachability.m in Sources */,
			);
			runOnlyForDeploymentPostprocessing = 0;
		};
/* End PBXSourcesBuildPhase section */

/* Begin PBXTargetDependency section */
		301BF551109A68C00062928A /* PBXTargetDependency */ = {
			isa = PBXTargetDependency;
			name = CordovaLib;
			targetProxy = 301BF550109A68C00062928A /* PBXContainerItemProxy */;
		};
/* End PBXTargetDependency section */

/* Begin PBXVariantGroup section */
		1F766FDC13BBADB100FB74C0 /* Localizable.strings */ = {
			isa = PBXVariantGroup;
			children = (
				1F766FDD13BBADB100FB74C0 /* en */,
			);
			name = Localizable.strings;
			sourceTree = "<group>";
		};
		1F766FDF13BBADB100FB74C0 /* Localizable.strings */ = {
			isa = PBXVariantGroup;
			children = (
				1F766FE013BBADB100FB74C0 /* es */,
			);
			name = Localizable.strings;
			sourceTree = "<group>";
		};
		30A0434314DC770100060A13 /* Localizable.strings */ = {
			isa = PBXVariantGroup;
			children = (
				30A0434414DC770100060A13 /* de */,
			);
			name = Localizable.strings;
			sourceTree = "<group>";
		};
		30A0434614DC770100060A13 /* Localizable.strings */ = {
			isa = PBXVariantGroup;
			children = (
				30A0434714DC770100060A13 /* se */,
			);
			name = Localizable.strings;
			sourceTree = "<group>";
		};
/* End PBXVariantGroup section */

/* Begin XCBuildConfiguration section */
		1D6058940D05DD3E006BFB54 /* Debug */ = {
			isa = XCBuildConfiguration;
			buildSettings = {
				ALWAYS_SEARCH_USER_PATHS = NO;
				ASSETCATALOG_COMPILER_APPICON_NAME = AppIcon;
				ASSETCATALOG_COMPILER_LAUNCHIMAGE_NAME = LaunchImage;
				CLANG_ENABLE_OBJC_ARC = YES;
				CODE_SIGN_IDENTITY = "iPhone Developer";
				"CODE_SIGN_IDENTITY[sdk=iphoneos*]" = "iPhone Developer";
				COPY_PHASE_STRIP = NO;
				GCC_DYNAMIC_NO_PIC = NO;
				GCC_OPTIMIZATION_LEVEL = 0;
				GCC_PRECOMPILE_PREFIX_HEADER = YES;
				GCC_PREFIX_HEADER = "KidMath/KidMath-Prefix.pch";
				GCC_THUMB_SUPPORT = NO;
				GCC_VERSION = "";
				INFOPLIST_FILE = "KidMath/KidMath-Info.plist";
				IPHONEOS_DEPLOYMENT_TARGET = 6.0;
				LIBRARY_SEARCH_PATHS = (
					"$(inherited)",
					/Users/sychypav/Dev/statlex/kidgames/KidMath/ios/KidMath/platforms/ios/KidMath/Flurry,
				);
				OTHER_LDFLAGS = (
					"-weak_framework",
					CoreFoundation,
					"-weak_framework",
					UIKit,
					"-weak_framework",
					AVFoundation,
					"-weak_framework",
					CoreMedia,
					"-weak-lSystem",
					"-force_load",
					"\"$(BUILT_PRODUCTS_DIR)/libCordova.a\"",
					"-ObjC",
				);
				PRODUCT_NAME = KidMath;
				PROVISIONING_PROFILE = "";
				TARGETED_DEVICE_FAMILY = "1,2";
			};
			name = Debug;
		};
		1D6058950D05DD3E006BFB54 /* Release */ = {
			isa = XCBuildConfiguration;
			buildSettings = {
				ALWAYS_SEARCH_USER_PATHS = NO;
				ASSETCATALOG_COMPILER_APPICON_NAME = AppIcon;
				ASSETCATALOG_COMPILER_LAUNCHIMAGE_NAME = LaunchImage;
				CLANG_ENABLE_OBJC_ARC = YES;
				CODE_SIGN_IDENTITY = "iPhone Developer";
				"CODE_SIGN_IDENTITY[sdk=iphoneos*]" = "iPhone Developer";
				COPY_PHASE_STRIP = YES;
				GCC_PRECOMPILE_PREFIX_HEADER = YES;
				GCC_PREFIX_HEADER = "KidMath/KidMath-Prefix.pch";
				GCC_THUMB_SUPPORT = NO;
				GCC_VERSION = "";
				INFOPLIST_FILE = "KidMath/KidMath-Info.plist";
				IPHONEOS_DEPLOYMENT_TARGET = 6.0;
				LIBRARY_SEARCH_PATHS = (
					"$(inherited)",
					/Users/sychypav/Dev/statlex/kidgames/KidMath/ios/KidMath/platforms/ios/KidMath/Flurry,
				);
				OTHER_LDFLAGS = (
					"-weak_framework",
					CoreFoundation,
					"-weak_framework",
					UIKit,
					"-weak_framework",
					AVFoundation,
					"-weak_framework",
					CoreMedia,
					"-weak-lSystem",
					"-force_load",
					"\"$(BUILT_PRODUCTS_DIR)/libCordova.a\"",
					"-ObjC",
				);
				PRODUCT_NAME = KidMath;
				PROVISIONING_PROFILE = "";
				TARGETED_DEVICE_FAMILY = "1,2";
			};
			name = Release;
		};
		C01FCF4F08A954540054247B /* Debug */ = {
			isa = XCBuildConfiguration;
			buildSettings = {
				CLANG_ENABLE_OBJC_ARC = YES;
				CLANG_WARN_BOOL_CONVERSION = YES;
				CLANG_WARN_CONSTANT_CONVERSION = YES;
				CLANG_WARN_EMPTY_BODY = YES;
				CLANG_WARN_ENUM_CONVERSION = YES;
				CLANG_WARN_INT_CONVERSION = YES;
				CLANG_WARN__DUPLICATE_METHOD_MATCH = YES;
				CODE_SIGN_IDENTITY = "iPhone Developer: Pavel Sychykau (6X48QBPET8)";
				"CODE_SIGN_IDENTITY[sdk=iphoneos*]" = "iPhone Developer: Pavel Sychykau (6X48QBPET8)";
				GCC_C_LANGUAGE_STANDARD = c99;
				GCC_THUMB_SUPPORT = NO;
				GCC_VERSION = "";
				GCC_WARN_ABOUT_RETURN_TYPE = YES;
				GCC_WARN_UNDECLARED_SELECTOR = YES;
				GCC_WARN_UNINITIALIZED_AUTOS = YES;
				GCC_WARN_UNUSED_FUNCTION = YES;
				GCC_WARN_UNUSED_VARIABLE = YES;
				HEADER_SEARCH_PATHS = (
					"\"$(TARGET_BUILD_DIR)/usr/local/lib/include\"",
					"\"$(OBJROOT)/UninstalledProducts/include\"",
					"\"$(BUILT_PRODUCTS_DIR)\"",
				);
				IPHONEOS_DEPLOYMENT_TARGET = 6.0;
				ONLY_ACTIVE_ARCH = YES;
				OTHER_LDFLAGS = (
					"-weak_framework",
					CoreFoundation,
					"-weak_framework",
					UIKit,
					"-weak_framework",
					AVFoundation,
					"-weak_framework",
					CoreMedia,
					"-weak-lSystem",
					"-force_load",
					"\"$(BUILT_PRODUCTS_DIR)/libCordova.a\"",
					"-ObjC",
				);
				PROVISIONING_PROFILE = "D6E36F81-4590-4E6D-979B-47665F1670F3";
				SDKROOT = iphoneos;
				SKIP_INSTALL = NO;
				USER_HEADER_SEARCH_PATHS = "";
			};
			name = Debug;
		};
		C01FCF5008A954540054247B /* Release */ = {
			isa = XCBuildConfiguration;
			buildSettings = {
				CLANG_ENABLE_OBJC_ARC = YES;
				CLANG_WARN_BOOL_CONVERSION = YES;
				CLANG_WARN_CONSTANT_CONVERSION = YES;
				CLANG_WARN_EMPTY_BODY = YES;
				CLANG_WARN_ENUM_CONVERSION = YES;
				CLANG_WARN_INT_CONVERSION = YES;
				CLANG_WARN__DUPLICATE_METHOD_MATCH = YES;
				CODE_SIGN_IDENTITY = "iPhone Developer: Pavel Sychykau (6X48QBPET8)";
				"CODE_SIGN_IDENTITY[sdk=iphoneos*]" = "iPhone Developer: Pavel Sychykau (6X48QBPET8)";
				GCC_C_LANGUAGE_STANDARD = c99;
				GCC_THUMB_SUPPORT = NO;
				GCC_VERSION = "";
				GCC_WARN_ABOUT_RETURN_TYPE = YES;
				GCC_WARN_UNDECLARED_SELECTOR = YES;
				GCC_WARN_UNINITIALIZED_AUTOS = YES;
				GCC_WARN_UNUSED_FUNCTION = YES;
				GCC_WARN_UNUSED_VARIABLE = YES;
				HEADER_SEARCH_PATHS = (
					"\"$(TARGET_BUILD_DIR)/usr/local/lib/include\"",
					"\"$(OBJROOT)/UninstalledProducts/include\"",
					"\"$(BUILT_PRODUCTS_DIR)\"",
				);
				IPHONEOS_DEPLOYMENT_TARGET = 6.0;
				OTHER_LDFLAGS = (
					"-weak_framework",
					CoreFoundation,
					"-weak_framework",
					UIKit,
					"-weak_framework",
					AVFoundation,
					"-weak_framework",
					CoreMedia,
					"-weak-lSystem",
					"-force_load",
					"\"$(BUILT_PRODUCTS_DIR)/libCordova.a\"",
					"-ObjC",
				);
				PROVISIONING_PROFILE = "D6E36F81-4590-4E6D-979B-47665F1670F3";
				SDKROOT = iphoneos;
				SKIP_INSTALL = NO;
				USER_HEADER_SEARCH_PATHS = "";
			};
			name = Release;
		};
/* End XCBuildConfiguration section */

/* Begin XCConfigurationList section */
		1D6058960D05DD3E006BFB54 /* Build configuration list for PBXNativeTarget "KidMath" */ = {
			isa = XCConfigurationList;
			buildConfigurations = (
				1D6058940D05DD3E006BFB54 /* Debug */,
				1D6058950D05DD3E006BFB54 /* Release */,
			);
			defaultConfigurationIsVisible = 0;
			defaultConfigurationName = Release;
		};
		C01FCF4E08A954540054247B /* Build configuration list for PBXProject "KidMath" */ = {
			isa = XCConfigurationList;
			buildConfigurations = (
				C01FCF4F08A954540054247B /* Debug */,
				C01FCF5008A954540054247B /* Release */,
			);
			defaultConfigurationIsVisible = 0;
			defaultConfigurationName = Release;
		};
/* End XCConfigurationList section */
	};
	rootObject = 29B97313FDCFA39411CA2CEA /* Project object */;
}
